
Microsoft Visual Studio Solution File, Format Version 12.00
# Visual Studio 15
VisualStudioVersion = 15.0.28307.1758
MinimumVisualStudioVersion = 10.0.40219.1
Project("{FAE04EC0-301F-11D3-BF4B-00C04F79EFBC}") = "Dyn365BPCorrect", "Dyn365BPCorrect\Dyn365BPCorrect.csproj", "{D76A7CC3-5C2A-4CEC-A187-A9E8D2EFF4BC}"
EndProject
Global
	GlobalSection(SolutionConfigurationPlatforms) = preSolution
		Debug|Any CPU = Debug|Any CPU
		Release|Any CPU = Release|Any CPU
	EndGlobalSection
	GlobalSection(ProjectConfigurationPlatforms) = postSolution
		{D76A7CC3-5C2A-4CEC-A187-A9E8D2EFF4BC}.Debug|Any CPU.ActiveCfg = Debug|Any CPU
		{D76A7CC3-5C2A-4CEC-A187-A9E8D2EFF4BC}.Debug|Any CPU.Build.0 = Debug|Any CPU
		{D76A7CC3-5C2A-4CEC-A187-A9E8D2EFF4BC}.Release|Any CPU.ActiveCfg = Release|Any CPU
		{D76A7CC3-5C2A-4CEC-A187-A9E8D2EFF4BC}.Release|Any CPU.Build.0 = Release|Any CPU
	EndGlobalSection
	GlobalSection(SolutionProperties) = preSolution
		HideSolutionNode = FALSE
	EndGlobalSection
	GlobalSection(ExtensibilityGlobals) = postSolution
		SolutionGuid = {E0B4337A-D7F1-4643-A2A6-5E3CE0C0ECB1}
	EndGlobalSection
EndGlobal
